
Microsoft Visual Studio Solution File, Format Version 12.00
# Visual Studio Version 16
VisualStudioVersion = 16.0.30011.22
MinimumVisualStudioVersion = 10.0.40219.1
Project("{FAE04EC0-301F-11D3-BF4B-00C04F79EFBC}") = "Trash Collector3", "Trash Collector3\Trash Collector3.csproj", "{304B8665-FC56-40EA-8D8F-5A98348DFF2F}"
EndProject
Global
	GlobalSection(SolutionConfigurationPlatforms) = preSolution
		Debug|Any CPU = Debug|Any CPU
		Release|Any CPU = Release|Any CPU
	EndGlobalSection
	GlobalSection(ProjectConfigurationPlatforms) = postSolution
		{304B8665-FC56-40EA-8D8F-5A98348DFF2F}.Debug|Any CPU.ActiveCfg = Debug|Any CPU
		{304B8665-FC56-40EA-8D8F-5A98348DFF2F}.Debug|Any CPU.Build.0 = Debug|Any CPU
		{304B8665-FC56-40EA-8D8F-5A98348DFF2F}.Release|Any CPU.ActiveCfg = Release|Any CPU
		{304B8665-FC56-40EA-8D8F-5A98348DFF2F}.Release|Any CPU.Build.0 = Release|Any CPU
	EndGlobalSection
	GlobalSection(SolutionProperties) = preSolution
		HideSolutionNode = FALSE
	EndGlobalSection
	GlobalSection(ExtensibilityGlobals) = postSolution
		SolutionGuid = {C2179E75-4950-4165-9907-D6D19187053C}
	EndGlobalSection
EndGlobal
